
Microsoft Visual Studio Solution File, Format Version 12.00
# Visual Studio Version 17
VisualStudioVersion = 17.8.34525.116
MinimumVisualStudioVersion = 10.0.40219.1
Project("{FAE04EC0-301F-11D3-BF4B-00C04F79EFBC}") = "spendsmart", "..\..\source\repos\spendsmart\spendsmart\spendsmart.csproj", "{61F8440A-9F73-4EEB-8A3A-C6071A6F567C}"
EndProject
Global
	GlobalSection(SolutionConfigurationPlatforms) = preSolution
		Debug|Any CPU = Debug|Any CPU
		Release|Any CPU = Release|Any CPU
	EndGlobalSection
	GlobalSection(ProjectConfigurationPlatforms) = postSolution
		{61F8440A-9F73-4EEB-8A3A-C6071A6F567C}.Debug|Any CPU.ActiveCfg = Debug|Any CPU
		{61F8440A-9F73-4EEB-8A3A-C6071A6F567C}.Debug|Any CPU.Build.0 = Debug|Any CPU
		{61F8440A-9F73-4EEB-8A3A-C6071A6F567C}.Release|Any CPU.ActiveCfg = Release|Any CPU
		{61F8440A-9F73-4EEB-8A3A-C6071A6F567C}.Release|Any CPU.Build.0 = Release|Any CPU
	EndGlobalSection
	GlobalSection(SolutionProperties) = preSolution
		HideSolutionNode = FALSE
	EndGlobalSection
	GlobalSection(ExtensibilityGlobals) = postSolution
		SolutionGuid = {5FC3F9ED-84CA-4992-AFF3-A8FE6ABA53B7}
	EndGlobalSection
EndGlobal
